
Microsoft Visual Studio Solution File, Format Version 12.00
# Visual Studio Version 17
VisualStudioVersion = 17.6.33723.286
MinimumVisualStudioVersion = 10.0.40219.1
Project("{FAE04EC0-301F-11D3-BF4B-00C04F79EFBC}") = "Cryoland.Infrastructure.Documents", "Cryoland.Infrastructure.Documents\Cryoland.Infrastructure.Documents.csproj", "{8F22EDB1-E916-4F99-9989-532AC9EB8440}"
EndProject
Project("{FAE04EC0-301F-11D3-BF4B-00C04F79EFBC}") = "Cryoland.Infrastructure.Documents.Abstractions", "Cryoland.Infrastructure.Documents.Abstractions\Cryoland.Infrastructure.Documents.Abstractions.csproj", "{8CCA726C-5037-4267-8664-7F42718DE31A}"
EndProject
Project("{FAE04EC0-301F-11D3-BF4B-00C04F79EFBC}") = "Cryoland.Infrastructure.Documents.Services", "Cryoland.Infrastructure.Documents.Services\Cryoland.Infrastructure.Documents.Services.csproj", "{C2555A6D-4A66-4087-9027-34A8A8553483}"
EndProject
Global
	GlobalSection(SolutionConfigurationPlatforms) = preSolution
		Debug|Any CPU = Debug|Any CPU
		Release|Any CPU = Release|Any CPU
	EndGlobalSection
	GlobalSection(ProjectConfigurationPlatforms) = postSolution
		{8F22EDB1-E916-4F99-9989-532AC9EB8440}.Debug|Any CPU.ActiveCfg = Debug|Any CPU
		{8F22EDB1-E916-4F99-9989-532AC9EB8440}.Debug|Any CPU.Build.0 = Debug|Any CPU
		{8F22EDB1-E916-4F99-9989-532AC9EB8440}.Release|Any CPU.ActiveCfg = Release|Any CPU
		{8F22EDB1-E916-4F99-9989-532AC9EB8440}.Release|Any CPU.Build.0 = Release|Any CPU
		{8CCA726C-5037-4267-8664-7F42718DE31A}.Debug|Any CPU.ActiveCfg = Debug|Any CPU
		{8CCA726C-5037-4267-8664-7F42718DE31A}.Debug|Any CPU.Build.0 = Debug|Any CPU
		{8CCA726C-5037-4267-8664-7F42718DE31A}.Release|Any CPU.ActiveCfg = Release|Any CPU
		{8CCA726C-5037-4267-8664-7F42718DE31A}.Release|Any CPU.Build.0 = Release|Any CPU
		{C2555A6D-4A66-4087-9027-34A8A8553483}.Debug|Any CPU.ActiveCfg = Debug|Any CPU
		{C2555A6D-4A66-4087-9027-34A8A8553483}.Debug|Any CPU.Build.0 = Debug|Any CPU
		{C2555A6D-4A66-4087-9027-34A8A8553483}.Release|Any CPU.ActiveCfg = Release|Any CPU
		{C2555A6D-4A66-4087-9027-34A8A8553483}.Release|Any CPU.Build.0 = Release|Any CPU
	EndGlobalSection
	GlobalSection(SolutionProperties) = preSolution
		HideSolutionNode = FALSE
	EndGlobalSection
	GlobalSection(ExtensibilityGlobals) = postSolution
		SolutionGuid = {48A51955-F830-4DD4-97EF-B419C14EFE9E}
	EndGlobalSection
EndGlobal
